
Microsoft Visual Studio Solution File, Format Version 12.00
# Visual Studio Version 17
VisualStudioVersion = 17.3.32922.545
MinimumVisualStudioVersion = 10.0.40219.1
Project("{FAE04EC0-301F-11D3-BF4B-00C04F79EFBC}") = "ProcessMonitorUtility", "ProcessMonitorUtility.csproj", "{1FDC3B55-7491-4E33-9238-66E17ECD26A9}"
EndProject
Global
	GlobalSection(SolutionConfigurationPlatforms) = preSolution
		Debug|Any CPU = Debug|Any CPU
		Release|Any CPU = Release|Any CPU
	EndGlobalSection
	GlobalSection(ProjectConfigurationPlatforms) = postSolution
		{1FDC3B55-7491-4E33-9238-66E17ECD26A9}.Debug|Any CPU.ActiveCfg = Debug|Any CPU
		{1FDC3B55-7491-4E33-9238-66E17ECD26A9}.Debug|Any CPU.Build.0 = Debug|Any CPU
		{1FDC3B55-7491-4E33-9238-66E17ECD26A9}.Release|Any CPU.ActiveCfg = Release|Any CPU
		{1FDC3B55-7491-4E33-9238-66E17ECD26A9}.Release|Any CPU.Build.0 = Release|Any CPU
	EndGlobalSection
	GlobalSection(SolutionProperties) = preSolution
		HideSolutionNode = FALSE
	EndGlobalSection
	GlobalSection(ExtensibilityGlobals) = postSolution
		SolutionGuid = {F225E04A-0598-4C67-B4F7-76762EE20391}
	EndGlobalSection
EndGlobal
